// !$*UTF8*$!
{
	archiveVersion = 1;
	classes = {
	};
	objectVersion = 50;
	objects = {

/* Begin PBXBuildFile section */
		AE0D46402241360300D43771 /* AppDelegate.swift in Sources */ = {isa = PBXBuildFile; fileRef = AE0D463F2241360300D43771 /* AppDelegate.swift */; };
		AE0D46452241360300D43771 /* Main.storyboard in Resources */ = {isa = PBXBuildFile; fileRef = AE0D46432241360300D43771 /* Main.storyboard */; };
		AE0D46482241360300D43771 /* Mileage_Claim_Tracker.xcdatamodeld in Sources */ = {isa = PBXBuildFile; fileRef = AE0D46462241360300D43771 /* Mileage_Claim_Tracker.xcdatamodeld */; };
		AE0D464A2241360400D43771 /* Assets.xcassets in Resources */ = {isa = PBXBuildFile; fileRef = AE0D46492241360400D43771 /* Assets.xcassets */; };
		AE0D464D2241360400D43771 /* LaunchScreen.storyboard in Resources */ = {isa = PBXBuildFile; fileRef = AE0D464B2241360400D43771 /* LaunchScreen.storyboard */; };
		AE0D46552241385A00D43771 /* AddAllowanceViewController.swift in Sources */ = {isa = PBXBuildFile; fileRef = AE0D46542241385A00D43771 /* AddAllowanceViewController.swift */; };
		AE0D46572241388100D43771 /* AllowanceTableTableViewController.swift in Sources */ = {isa = PBXBuildFile; fileRef = AE0D46562241388100D43771 /* AllowanceTableTableViewController.swift */; };
		AE0D4659224144B100D43771 /* Alert.swift in Sources */ = {isa = PBXBuildFile; fileRef = AE0D4658224144B100D43771 /* Alert.swift */; };
		AE825BB92241538800D585C1 /* IQTextView.swift in Sources */ = {isa = PBXBuildFile; fileRef = AE825BA32241538800D585C1 /* IQTextView.swift */; };
		AE825BBA2241538800D585C1 /* IQPreviousNextView.swift in Sources */ = {isa = PBXBuildFile; fileRef = AE825BA52241538800D585C1 /* IQPreviousNextView.swift */; };
		AE825BBB2241538800D585C1 /* IQTitleBarButtonItem.swift in Sources */ = {isa = PBXBuildFile; fileRef = AE825BA62241538800D585C1 /* IQTitleBarButtonItem.swift */; };
		AE825BBC2241538800D585C1 /* IQBarButtonItem.swift in Sources */ = {isa = PBXBuildFile; fileRef = AE825BA72241538800D585C1 /* IQBarButtonItem.swift */; };
		AE825BBD2241538800D585C1 /* IQToolbar.swift in Sources */ = {isa = PBXBuildFile; fileRef = AE825BA82241538800D585C1 /* IQToolbar.swift */; };
		AE825BBE2241538800D585C1 /* IQUIView+IQKeyboardToolbar.swift in Sources */ = {isa = PBXBuildFile; fileRef = AE825BA92241538800D585C1 /* IQUIView+IQKeyboardToolbar.swift */; };
		AE825BBF2241538800D585C1 /* IQInvocation.swift in Sources */ = {isa = PBXBuildFile; fileRef = AE825BAA2241538800D585C1 /* IQInvocation.swift */; };
		AE825BC02241538800D585C1 /* IQKeyboardManagerConstantsInternal.swift in Sources */ = {isa = PBXBuildFile; fileRef = AE825BAC2241538800D585C1 /* IQKeyboardManagerConstantsInternal.swift */; };
		AE825BC12241538800D585C1 /* IQKeyboardManagerConstants.swift in Sources */ = {isa = PBXBuildFile; fileRef = AE825BAD2241538800D585C1 /* IQKeyboardManagerConstants.swift */; };
		AE825BC22241538800D585C1 /* IQKeyboardManager.bundle in Resources */ = {isa = PBXBuildFile; fileRef = AE825BAF2241538800D585C1 /* IQKeyboardManager.bundle */; };
		AE825BC32241538800D585C1 /* IQKeyboardReturnKeyHandler.swift in Sources */ = {isa = PBXBuildFile; fileRef = AE825BB02241538800D585C1 /* IQKeyboardReturnKeyHandler.swift */; };
		AE825BC42241538800D585C1 /* IQKeyboardManager.swift in Sources */ = {isa = PBXBuildFile; fileRef = AE825BB12241538800D585C1 /* IQKeyboardManager.swift */; };
		AE825BC52241538800D585C1 /* IQUIScrollView+Additions.swift in Sources */ = {isa = PBXBuildFile; fileRef = AE825BB42241538800D585C1 /* IQUIScrollView+Additions.swift */; };
		AE825BC62241538800D585C1 /* IQUIViewController+Additions.swift in Sources */ = {isa = PBXBuildFile; fileRef = AE825BB52241538800D585C1 /* IQUIViewController+Additions.swift */; };
		AE825BC72241538800D585C1 /* IQUITextFieldView+Additions.swift in Sources */ = {isa = PBXBuildFile; fileRef = AE825BB62241538800D585C1 /* IQUITextFieldView+Additions.swift */; };
		AE825BC82241538800D585C1 /* IQUIView+Hierarchy.swift in Sources */ = {isa = PBXBuildFile; fileRef = AE825BB72241538800D585C1 /* IQUIView+Hierarchy.swift */; };
		AE825BC92241538800D585C1 /* IQNSArray+Sort.swift in Sources */ = {isa = PBXBuildFile; fileRef = AE825BB82241538800D585C1 /* IQNSArray+Sort.swift */; };
/* End PBXBuildFile section */

/* Begin PBXFileReference section */
		AE0D463C2241360300D43771 /* Mileage Claim Tracker.app */ = {isa = PBXFileReference; explicitFileType = wrapper.application; includeInIndex = 0; path = "Mileage Claim Tracker.app"; sourceTree = BUILT_PRODUCTS_DIR; };
		AE0D463F2241360300D43771 /* AppDelegate.swift */ = {isa = PBXFileReference; lastKnownFileType = sourcecode.swift; path = AppDelegate.swift; sourceTree = "<group>"; };
		AE0D46442241360300D43771 /* Base */ = {isa = PBXFileReference; lastKnownFileType = file.storyboard; name = Base; path = Base.lproj/Main.storyboard; sourceTree = "<group>"; };
		AE0D46472241360300D43771 /* Mileage_Claim_Tracker.xcdatamodel */ = {isa = PBXFileReference; lastKnownFileType = wrapper.xcdatamodel; path = Mileage_Claim_Tracker.xcdatamodel; sourceTree = "<group>"; };
		AE0D46492241360400D43771 /* Assets.xcassets */ = {isa = PBXFileReference; lastKnownFileType = folder.assetcatalog; path = Assets.xcassets; sourceTree = "<group>"; };
		AE0D464C2241360400D43771 /* Base */ = {isa = PBXFileReference; lastKnownFileType = file.storyboard; name = Base; path = Base.lproj/LaunchScreen.storyboard; sourceTree = "<group>"; };
		AE0D464E2241360400D43771 /* Info.plist */ = {isa = PBXFileReference; lastKnownFileType = text.plist.xml; path = Info.plist; sourceTree = "<group>"; };
		AE0D46542241385A00D43771 /* AddAllowanceViewController.swift */ = {isa = PBXFileReference; lastKnownFileType = sourcecode.swift; path = AddAllowanceViewController.swift; sourceTree = "<group>"; };
		AE0D46562241388100D43771 /* AllowanceTableTableViewController.swift */ = {isa = PBXFileReference; lastKnownFileType = sourcecode.swift; path = AllowanceTableTableViewController.swift; sourceTree = "<group>"; };
		AE0D4658224144B100D43771 /* Alert.swift */ = {isa = PBXFileReference; lastKnownFileType = sourcecode.swift; path = Alert.swift; sourceTree = "<group>"; };
		AE825BA32241538800D585C1 /* IQTextView.swift */ = {isa = PBXFileReference; fileEncoding = 4; lastKnownFileType = sourcecode.swift; path = IQTextView.swift; sourceTree = "<group>"; };
		AE825BA52241538800D585C1 /* IQPreviousNextView.swift */ = {isa = PBXFileReference; fileEncoding = 4; lastKnownFileType = sourcecode.swift; path = IQPreviousNextView.swift; sourceTree = "<group>"; };
		AE825BA62241538800D585C1 /* IQTitleBarButtonItem.swift */ = {isa = PBXFileReference; fileEncoding = 4; lastKnownFileType = sourcecode.swift; path = IQTitleBarButtonItem.swift; sourceTree = "<group>"; };
		AE825BA72241538800D585C1 /* IQBarButtonItem.swift */ = {isa = PBXFileReference; fileEncoding = 4; lastKnownFileType = sourcecode.swift; path = IQBarButtonItem.swift; sourceTree = "<group>"; };
		AE825BA82241538800D585C1 /* IQToolbar.swift */ = {isa = PBXFileReference; fileEncoding = 4; lastKnownFileType = sourcecode.swift; path = IQToolbar.swift; sourceTree = "<group>"; };
		AE825BA92241538800D585C1 /* IQUIView+IQKeyboardToolbar.swift */ = {isa = PBXFileReference; fileEncoding = 4; lastKnownFileType = sourcecode.swift; path = "IQUIView+IQKeyboardToolbar.swift"; sourceTree = "<group>"; };
		AE825BAA2241538800D585C1 /* IQInvocation.swift */ = {isa = PBXFileReference; fileEncoding = 4; lastKnownFileType = sourcecode.swift; path = IQInvocation.swift; sourceTree = "<group>"; };
		AE825BAC2241538800D585C1 /* IQKeyboardManagerConstantsInternal.swift */ = {isa = PBXFileReference; fileEncoding = 4; lastKnownFileType = sourcecode.swift; path = IQKeyboardManagerConstantsInternal.swift; sourceTree = "<group>"; };
		AE825BAD2241538800D585C1 /* IQKeyboardManagerConstants.swift */ = {isa = PBXFileReference; fileEncoding = 4; lastKnownFileType = sourcecode.swift; path = IQKeyboardManagerConstants.swift; sourceTree = "<group>"; };
		AE825BAF2241538800D585C1 /* IQKeyboardManager.bundle */ = {isa = PBXFileReference; lastKnownFileType = "wrapper.plug-in"; path = IQKeyboardManager.bundle; sourceTree = "<group>"; };
		AE825BB02241538800D585C1 /* IQKeyboardReturnKeyHandler.swift */ = {isa = PBXFileReference; fileEncoding = 4; lastKnownFileType = sourcecode.swift; path = IQKeyboardReturnKeyHandler.swift; sourceTree = "<group>"; };
		AE825BB12241538800D585C1 /* IQKeyboardManager.swift */ = {isa = PBXFileReference; fileEncoding = 4; lastKnownFileType = sourcecode.swift; path = IQKeyboardManager.swift; sourceTree = "<group>"; };
		AE825BB22241538800D585C1 /* IQKeyboardManagerSwift.h */ = {isa = PBXFileReference; fileEncoding = 4; lastKnownFileType = sourcecode.c.h; path = IQKeyboardManagerSwift.h; sourceTree = "<group>"; };
		AE825BB42241538800D585C1 /* IQUIScrollView+Additions.swift */ = {isa = PBXFileReference; fileEncoding = 4; lastKnownFileType = sourcecode.swift; path = "IQUIScrollView+Additions.swift"; sourceTree = "<group>"; };
		AE825BB52241538800D585C1 /* IQUIViewController+Additions.swift */ = {isa = PBXFileReference; fileEncoding = 4; lastKnownFileType = sourcecode.swift; path = "IQUIViewController+Additions.swift"; sourceTree = "<group>"; };
		AE825BB62241538800D585C1 /* IQUITextFieldView+Additions.swift */ = {isa = PBXFileReference; fileEncoding = 4; lastKnownFileType = sourcecode.swift; path = "IQUITextFieldView+Additions.swift"; sourceTree = "<group>"; };
		AE825BB72241538800D585C1 /* IQUIView+Hierarchy.swift */ = {isa = PBXFileReference; fileEncoding = 4; lastKnownFileType = sourcecode.swift; path = "IQUIView+Hierarchy.swift"; sourceTree = "<group>"; };
		AE825BB82241538800D585C1 /* IQNSArray+Sort.swift */ = {isa = PBXFileReference; fileEncoding = 4; lastKnownFileType = sourcecode.swift; path = "IQNSArray+Sort.swift"; sourceTree = "<group>"; };
/* End PBXFileReference section */

/* Begin PBXFrameworksBuildPhase section */
		AE0D46392241360300D43771 /* Frameworks */ = {
			isa = PBXFrameworksBuildPhase;
			buildActionMask = 2147483647;
			files = (
			);
			runOnlyForDeploymentPostprocessing = 0;
		};
/* End PBXFrameworksBuildPhase section */

/* Begin PBXGroup section */
		AE0D46332241360300D43771 = {
			isa = PBXGroup;
			children = (
				AE0D463E2241360300D43771 /* Mileage Claim Tracker */,
				AE0D463D2241360300D43771 /* Products */,
			);
			sourceTree = "<group>";
		};
		AE0D463D2241360300D43771 /* Products */ = {
			isa = PBXGroup;
			children = (
				AE0D463C2241360300D43771 /* Mileage Claim Tracker.app */,
			);
			name = Products;
			sourceTree = "<group>";
		};
		AE0D463E2241360300D43771 /* Mileage Claim Tracker */ = {
			isa = PBXGroup;
			children = (
				AE825BA12241538800D585C1 /* IQKeyboardManagerSwift */,
				AE0D463F2241360300D43771 /* AppDelegate.swift */,
				AE0D4658224144B100D43771 /* Alert.swift */,
				AE0D46562241388100D43771 /* AllowanceTableTableViewController.swift */,
				AE0D46542241385A00D43771 /* AddAllowanceViewController.swift */,
				AE0D46432241360300D43771 /* Main.storyboard */,
				AE0D46492241360400D43771 /* Assets.xcassets */,
				AE0D464B2241360400D43771 /* LaunchScreen.storyboard */,
				AE0D464E2241360400D43771 /* Info.plist */,
				AE0D46462241360300D43771 /* Mileage_Claim_Tracker.xcdatamodeld */,
			);
			path = "Mileage Claim Tracker";
			sourceTree = "<group>";
		};
		AE825BA12241538800D585C1 /* IQKeyboardManagerSwift */ = {
			isa = PBXGroup;
			children = (
				AE825BA22241538800D585C1 /* IQTextView */,
				AE825BA42241538800D585C1 /* IQToolbar */,
				AE825BAB2241538800D585C1 /* Constants */,
				AE825BAE2241538800D585C1 /* Resources */,
				AE825BB02241538800D585C1 /* IQKeyboardReturnKeyHandler.swift */,
				AE825BB12241538800D585C1 /* IQKeyboardManager.swift */,
				AE825BB22241538800D585C1 /* IQKeyboardManagerSwift.h */,
				AE825BB32241538800D585C1 /* Categories */,
			);
			path = IQKeyboardManagerSwift;
			sourceTree = "<group>";
		};
		AE825BA22241538800D585C1 /* IQTextView */ = {
			isa = PBXGroup;
			children = (
				AE825BA32241538800D585C1 /* IQTextView.swift */,
			);
			path = IQTextView;
			sourceTree = "<group>";
		};
		AE825BA42241538800D585C1 /* IQToolbar */ = {
			isa = PBXGroup;
			children = (
				AE825BA52241538800D585C1 /* IQPreviousNextView.swift */,
				AE825BA62241538800D585C1 /* IQTitleBarButtonItem.swift */,
				AE825BA72241538800D585C1 /* IQBarButtonItem.swift */,
				AE825BA82241538800D585C1 /* IQToolbar.swift */,
				AE825BA92241538800D585C1 /* IQUIView+IQKeyboardToolbar.swift */,
				AE825BAA2241538800D585C1 /* IQInvocation.swift */,
			);
			path = IQToolbar;
			sourceTree = "<group>";
		};
		AE825BAB2241538800D585C1 /* Constants */ = {
			isa = PBXGroup;
			children = (
				AE825BAC2241538800D585C1 /* IQKeyboardManagerConstantsInternal.swift */,
				AE825BAD2241538800D585C1 /* IQKeyboardManagerConstants.swift */,
			);
			path = Constants;
			sourceTree = "<group>";
		};
		AE825BAE2241538800D585C1 /* Resources */ = {
			isa = PBXGroup;
			children = (
				AE825BAF2241538800D585C1 /* IQKeyboardManager.bundle */,
			);
			path = Resources;
			sourceTree = "<group>";
		};
		AE825BB32241538800D585C1 /* Categories */ = {
			isa = PBXGroup;
			children = (
				AE825BB42241538800D585C1 /* IQUIScrollView+Additions.swift */,
				AE825BB52241538800D585C1 /* IQUIViewController+Additions.swift */,
				AE825BB62241538800D585C1 /* IQUITextFieldView+Additions.swift */,
				AE825BB72241538800D585C1 /* IQUIView+Hierarchy.swift */,
				AE825BB82241538800D585C1 /* IQNSArray+Sort.swift */,
			);
			path = Categories;
			sourceTree = "<group>";
		};
/* End PBXGroup section */

/* Begin PBXNativeTarget section */
		AE0D463B2241360300D43771 /* Mileage Claim Tracker */ = {
			isa = PBXNativeTarget;
			buildConfigurationList = AE0D46512241360400D43771 /* Build configuration list for PBXNativeTarget "Mileage Claim Tracker" */;
			buildPhases = (
				AE0D46382241360300D43771 /* Sources */,
				AE0D46392241360300D43771 /* Frameworks */,
				AE0D463A2241360300D43771 /* Resources */,
			);
			buildRules = (
			);
			dependencies = (
			);
			name = "Mileage Claim Tracker";
			productName = "Mileage Claim Tracker";
			productReference = AE0D463C2241360300D43771 /* Mileage Claim Tracker.app */;
			productType = "com.apple.product-type.application";
		};
/* End PBXNativeTarget section */

/* Begin PBXProject section */
		AE0D46342241360300D43771 /* Project object */ = {
			isa = PBXProject;
			attributes = {
				LastSwiftUpdateCheck = 1010;
				LastUpgradeCheck = 1010;
				ORGANIZATIONNAME = "Jonathan Oakes";
				TargetAttributes = {
					AE0D463B2241360300D43771 = {
						CreatedOnToolsVersion = 10.1;
					};
				};
			};
			buildConfigurationList = AE0D46372241360300D43771 /* Build configuration list for PBXProject "Mileage Claim Tracker" */;
			compatibilityVersion = "Xcode 9.3";
			developmentRegion = en;
			hasScannedForEncodings = 0;
			knownRegions = (
				en,
				Base,
			);
			mainGroup = AE0D46332241360300D43771;
			productRefGroup = AE0D463D2241360300D43771 /* Products */;
			projectDirPath = "";
			projectRoot = "";
			targets = (
				AE0D463B2241360300D43771 /* Mileage Claim Tracker */,
			);
		};
/* End PBXProject section */

/* Begin PBXResourcesBuildPhase section */
		AE0D463A2241360300D43771 /* Resources */ = {
			isa = PBXResourcesBuildPhase;
			buildActionMask = 2147483647;
			files = (
				AE0D464D2241360400D43771 /* LaunchScreen.storyboard in Resources */,
				AE0D464A2241360400D43771 /* Assets.xcassets in Resources */,
				AE825BC22241538800D585C1 /* IQKeyboardManager.bundle in Resources */,
				AE0D46452241360300D43771 /* Main.storyboard in Resources */,
			);
			runOnlyForDeploymentPostprocessing = 0;
		};
/* End PBXResourcesBuildPhase section */

/* Begin PBXSourcesBuildPhase section */
		AE0D46382241360300D43771 /* Sources */ = {
			isa = PBXSourcesBuildPhase;
			buildActionMask = 2147483647;
			files = (
				AE0D46402241360300D43771 /* AppDelegate.swift in Sources */,
				AE825BBB2241538800D585C1 /* IQTitleBarButtonItem.swift in Sources */,
				AE0D46482241360300D43771 /* Mileage_Claim_Tracker.xcdatamodeld in Sources */,
				AE825BBD2241538800D585C1 /* IQToolbar.swift in Sources */,
				AE825BBC2241538800D585C1 /* IQBarButtonItem.swift in Sources */,
				AE825BBA2241538800D585C1 /* IQPreviousNextView.swift in Sources */,
				AE0D46552241385A00D43771 /* AddAllowanceViewController.swift in Sources */,
				AE0D4659224144B100D43771 /* Alert.swift in Sources */,
				AE825BC82241538800D585C1 /* IQUIView+Hierarchy.swift in Sources */,
				AE825BC72241538800D585C1 /* IQUITextFieldView+Additions.swift in Sources */,
				AE825BC52241538800D585C1 /* IQUIScrollView+Additions.swift in Sources */,
				AE825BC42241538800D585C1 /* IQKeyboardManager.swift in Sources */,
				AE825BC12241538800D585C1 /* IQKeyboardManagerConstants.swift in Sources */,
				AE825BBE2241538800D585C1 /* IQUIView+IQKeyboardToolbar.swift in Sources */,
				AE825BC92241538800D585C1 /* IQNSArray+Sort.swift in Sources */,
				AE825BC62241538800D585C1 /* IQUIViewController+Additions.swift in Sources */,
				AE825BBF2241538800D585C1 /* IQInvocation.swift in Sources */,
				AE825BC32241538800D585C1 /* IQKeyboardReturnKeyHandler.swift in Sources */,
				AE0D46572241388100D43771 /* AllowanceTableTableViewController.swift in Sources */,
				AE825BC02241538800D585C1 /* IQKeyboardManagerConstantsInternal.swift in Sources */,
				AE825BB92241538800D585C1 /* IQTextView.swift in Sources */,
			);
			runOnlyForDeploymentPostprocessing = 0;
		};
/* End PBXSourcesBuildPhase section */

/* Begin PBXVariantGroup section */
		AE0D46432241360300D43771 /* Main.storyboard */ = {
			isa = PBXVariantGroup;
			children = (
				AE0D46442241360300D43771 /* Base */,
			);
			name = Main.storyboard;
			sourceTree = "<group>";
		};
		AE0D464B2241360400D43771 /* LaunchScreen.storyboard */ = {
			isa = PBXVariantGroup;
			children = (
				AE0D464C2241360400D43771 /* Base */,
			);
			name = LaunchScreen.storyboard;
			sourceTree = "<group>";
		};
/* End PBXVariantGroup section */

/* Begin XCBuildConfiguration section */
		AE0D464F2241360400D43771 /* Debug */ = {
			isa = XCBuildConfiguration;
			buildSettings = {
				ALWAYS_SEARCH_USER_PATHS = NO;
				CLANG_ANALYZER_NONNULL = YES;
				CLANG_ANALYZER_NUMBER_OBJECT_CONVERSION = YES_AGGRESSIVE;
				CLANG_CXX_LANGUAGE_STANDARD = "gnu++14";
				CLANG_CXX_LIBRARY = "libc++";
				CLANG_ENABLE_MODULES = YES;
				CLANG_ENABLE_OBJC_ARC = YES;
				CLANG_ENABLE_OBJC_WEAK = YES;
				CLANG_WARN_BLOCK_CAPTURE_AUTORELEASING = YES;
				CLANG_WARN_BOOL_CONVERSION = YES;
				CLANG_WARN_COMMA = YES;
				CLANG_WARN_CONSTANT_CONVERSION = YES;
				CLANG_WARN_DEPRECATED_OBJC_IMPLEMENTATIONS = YES;
				CLANG_WARN_DIRECT_OBJC_ISA_USAGE = YES_ERROR;
				CLANG_WARN_DOCUMENTATION_COMMENTS = YES;
				CLANG_WARN_EMPTY_BODY = YES;
				CLANG_WARN_ENUM_CONVERSION = YES;
				CLANG_WARN_INFINITE_RECURSION = YES;
				CLANG_WARN_INT_CONVERSION = YES;
				CLANG_WARN_NON_LITERAL_NULL_CONVERSION = YES;
				CLANG_WARN_OBJC_IMPLICIT_RETAIN_SELF = YES;
				CLANG_WARN_OBJC_LITERAL_CONVERSION = YES;
				CLANG_WARN_OBJC_ROOT_CLASS = YES_ERROR;
				CLANG_WARN_RANGE_LOOP_ANALYSIS = YES;
				CLANG_WARN_STRICT_PROTOTYPES = YES;
				CLANG_WARN_SUSPICIOUS_MOVE = YES;
				CLANG_WARN_UNGUARDED_AVAILABILITY = YES_AGGRESSIVE;
				CLANG_WARN_UNREACHABLE_CODE = YES;
				CLANG_WARN__DUPLICATE_METHOD_MATCH = YES;
				CODE_SIGN_IDENTITY = "iPhone Developer";
				COPY_PHASE_STRIP = NO;
				DEBUG_INFORMATION_FORMAT = dwarf;
				ENABLE_STRICT_OBJC_MSGSEND = YES;
				ENABLE_TESTABILITY = YES;
				GCC_C_LANGUAGE_STANDARD = gnu11;
				GCC_DYNAMIC_NO_PIC = NO;
				GCC_NO_COMMON_BLOCKS = YES;
				GCC_OPTIMIZATION_LEVEL = 0;
				GCC_PREPROCESSOR_DEFINITIONS = (
					"DEBUG=1",
					"$(inherited)",
				);
				GCC_WARN_64_TO_32_BIT_CONVERSION = YES;
				GCC_WARN_ABOUT_RETURN_TYPE = YES_ERROR;
				GCC_WARN_UNDECLARED_SELECTOR = YES;
				GCC_WARN_UNINITIALIZED_AUTOS = YES_AGGRESSIVE;
				GCC_WARN_UNUSED_FUNCTION = YES;
				GCC_WARN_UNUSED_VARIABLE = YES;
				IPHONEOS_DEPLOYMENT_TARGET = 12.1;
				MTL_ENABLE_DEBUG_INFO = INCLUDE_SOURCE;
				MTL_FAST_MATH = YES;
				ONLY_ACTIVE_ARCH = YES;
				SDKROOT = iphoneos;
				SWIFT_ACTIVE_COMPILATION_CONDITIONS = DEBUG;
				SWIFT_OPTIMIZATION_LEVEL = "-Onone";
			};
			name = Debug;
		};
		AE0D46502241360400D43771 /* Release */ = {
			isa = XCBuildConfiguration;
			buildSettings = {
				ALWAYS_SEARCH_USER_PATHS = NO;
				CLANG_ANALYZER_NONNULL = YES;
				CLANG_ANALYZER_NUMBER_OBJECT_CONVERSION = YES_AGGRESSIVE;
				CLANG_CXX_LANGUAGE_STANDARD = "gnu++14";
				CLANG_CXX_LIBRARY = "libc++";
				CLANG_ENABLE_MODULES = YES;
				CLANG_ENABLE_OBJC_ARC = YES;
				CLANG_ENABLE_OBJC_WEAK = YES;
				CLANG_WARN_BLOCK_CAPTURE_AUTORELEASING = YES;
				CLANG_WARN_BOOL_CONVERSION = YES;
				CLANG_WARN_COMMA = YES;
				CLANG_WARN_CONSTANT_CONVERSION = YES;
				CLANG_WARN_DEPRECATED_OBJC_IMPLEMENTATIONS = YES;
				CLANG_WARN_DIRECT_OBJC_ISA_USAGE = YES_ERROR;
				CLANG_WARN_DOCUMENTATION_COMMENTS = YES;
				CLANG_WARN_EMPTY_BODY = YES;
				CLANG_WARN_ENUM_CONVERSION = YES;
				CLANG_WARN_INFINITE_RECURSION = YES;
				CLANG_WARN_INT_CONVERSION = YES;
				CLANG_WARN_NON_LITERAL_NULL_CONVERSION = YES;
				CLANG_WARN_OBJC_IMPLICIT_RETAIN_SELF = YES;
				CLANG_WARN_OBJC_LITERAL_CONVERSION = YES;
				CLANG_WARN_OBJC_ROOT_CLASS = YES_ERROR;
				CLANG_WARN_RANGE_LOOP_ANALYSIS = YES;
				CLANG_WARN_STRICT_PROTOTYPES = YES;
				CLANG_WARN_SUSPICIOUS_MOVE = YES;
				CLANG_WARN_UNGUARDED_AVAILABILITY = YES_AGGRESSIVE;
				CLANG_WARN_UNREACHABLE_CODE = YES;
				CLANG_WARN__DUPLICATE_METHOD_MATCH = YES;
				CODE_SIGN_IDENTITY = "iPhone Developer";
				COPY_PHASE_STRIP = NO;
				DEBUG_INFORMATION_FORMAT = "dwarf-with-dsym";
				ENABLE_NS_ASSERTIONS = NO;
				ENABLE_STRICT_OBJC_MSGSEND = YES;
				GCC_C_LANGUAGE_STANDARD = gnu11;
				GCC_NO_COMMON_BLOCKS = YES;
				GCC_WARN_64_TO_32_BIT_CONVERSION = YES;
				GCC_WARN_ABOUT_RETURN_TYPE = YES_ERROR;
				GCC_WARN_UNDECLARED_SELECTOR = YES;
				GCC_WARN_UNINITIALIZED_AUTOS = YES_AGGRESSIVE;
				GCC_WARN_UNUSED_FUNCTION = YES;
				GCC_WARN_UNUSED_VARIABLE = YES;
				IPHONEOS_DEPLOYMENT_TARGET = 12.1;
				MTL_ENABLE_DEBUG_INFO = NO;
				MTL_FAST_MATH = YES;
				SDKROOT = iphoneos;
				SWIFT_COMPILATION_MODE = wholemodule;
				SWIFT_OPTIMIZATION_LEVEL = "-O";
				VALIDATE_PRODUCT = YES;
			};
			name = Release;
		};
		AE0D46522241360400D43771 /* Debug */ = {
			isa = XCBuildConfiguration;
			buildSettings = {
				ASSETCATALOG_COMPILER_APPICON_NAME = AppIcon;
				CODE_SIGN_STYLE = Automatic;
				DEVELOPMENT_TEAM = PK84HMGTL3;
				INFOPLIST_FILE = "Mileage Claim Tracker/Info.plist";
				LD_RUNPATH_SEARCH_PATHS = (
					"$(inherited)",
					"@executable_path/Frameworks",
				);
				PRODUCT_BUNDLE_IDENTIFIER = "com.jonathanoakes.Mileage-Claim-Tracker";
				PRODUCT_NAME = "$(TARGET_NAME)";
				SWIFT_VERSION = 4.2;
				TARGETED_DEVICE_FAMILY = 1;
			};
			name = Debug;
		};
		AE0D46532241360400D43771 /* Release */ = {
			isa = XCBuildConfiguration;
			buildSettings = {
				ASSETCATALOG_COMPILER_APPICON_NAME = AppIcon;
				CODE_SIGN_STYLE = Automatic;
				DEVELOPMENT_TEAM = PK84HMGTL3;
				INFOPLIST_FILE = "Mileage Claim Tracker/Info.plist";
				LD_RUNPATH_SEARCH_PATHS = (
					"$(inherited)",
					"@executable_path/Frameworks",
				);
				PRODUCT_BUNDLE_IDENTIFIER = "com.jonathanoakes.Mileage-Claim-Tracker";
				PRODUCT_NAME = "$(TARGET_NAME)";
				SWIFT_VERSION = 4.2;
				TARGETED_DEVICE_FAMILY = 1;
			};
			name = Release;
		};
/* End XCBuildConfiguration section */

/* Begin XCConfigurationList section */
		AE0D46372241360300D43771 /* Build configuration list for PBXProject "Mileage Claim Tracker" */ = {
			isa = XCConfigurationList;
			buildConfigurations = (
				AE0D464F2241360400D43771 /* Debug */,
				AE0D46502241360400D43771 /* Release */,
			);
			defaultConfigurationIsVisible = 0;
			defaultConfigurationName = Release;
		};
		AE0D46512241360400D43771 /* Build configuration list for PBXNativeTarget "Mileage Claim Tracker" */ = {
			isa = XCConfigurationList;
			buildConfigurations = (
				AE0D46522241360400D43771 /* Debug */,
				AE0D46532241360400D43771 /* Release */,
			);
			defaultConfigurationIsVisible = 0;
			defaultConfigurationName = Release;
		};
/* End XCConfigurationList section */

/* Begin XCVersionGroup section */
		AE0D46462241360300D43771 /* Mileage_Claim_Tracker.xcdatamodeld */ = {
			isa = XCVersionGroup;
			children = (
				AE0D46472241360300D43771 /* Mileage_Claim_Tracker.xcdatamodel */,
			);
			currentVersion = AE0D46472241360300D43771 /* Mileage_Claim_Tracker.xcdatamodel */;
			path = Mileage_Claim_Tracker.xcdatamodeld;
			sourceTree = "<group>";
			versionGroupType = wrapper.xcdatamodel;
		};
/* End XCVersionGroup section */
	};
	rootObject = AE0D46342241360300D43771 /* Project object */;
}
